# THIS IS AN AUTOGENERATED FILE. DO NOT EDIT THIS FILE DIRECTLY.
# yarn lockfile v1


"@babel/helper-string-parser@^7.24.8":
  version "7.24.8"
  resolved "https://registry.npmmirror.com/@babel/helper-string-parser/-/helper-string-parser-7.24.8.tgz"
  integrity sha512-pO9KhhRcuUyGnJWwyEgnRJTSIZHiT+vMD0kPeD+so0l7mxkMT19g3pjY9GTnHySck/hDzq+dtW/4VgnMkippsQ==

"@babel/helper-validator-identifier@^7.24.7":
  version "7.24.7"
  resolved "https://registry.npmmirror.com/@babel/helper-validator-identifier/-/helper-validator-identifier-7.24.7.tgz"
  integrity sha512-rR+PBcQ1SMQDDyF6X0wxtG8QyLCgUB0eRAGguqRLfkCA87l7yAP7ehq8SNj96OOGTO8OBV70KhuFYcIkHXOg0w==

"@babel/parser@^7.24.7":
  version "7.25.6"
  resolved "https://registry.npmmirror.com/@babel/parser/-/parser-7.25.6.tgz"
  integrity sha512-trGdfBdbD0l1ZPmcJ83eNxB9rbEax4ALFTF7fN386TMYbeCQbyme5cOEXQhbGXKebwGaB/J52w1mrklMcbgy6Q==
  dependencies:
    "@babel/types" "^7.25.6"

"@babel/types@^7.25.6":
  version "7.25.6"
  resolved "https://registry.npmmirror.com/@babel/types/-/types-7.25.6.tgz"
  integrity sha512-/l42B1qxpG6RdfYf343Uw1vmDjeNhneUXtzhojE7pDgfpEypmRhI6j1kr17XCVv4Cgl9HdAiQY2x0GwKm7rWCw==
  dependencies:
    "@babel/helper-string-parser" "^7.24.8"
    "@babel/helper-validator-identifier" "^7.24.7"
    to-fast-properties "^2.0.0"

"@bufbuild/protobuf@^2.0.0":
  version "2.1.0"
  resolved "https://registry.npmmirror.com/@bufbuild/protobuf/-/protobuf-2.1.0.tgz#6925f30c25789b4f74d7c505e731c96f79fb48a7"
  integrity sha512-+2Mx67Y3skJ4NCD/qNSdBJNWtu6x6Qr53jeNg+QcwiL6mt0wK+3jwHH2x1p7xaYH6Ve2JKOVn0OxU35WsmqI9A==

"@ctrl/tinycolor@^3.4.1":
  version "3.6.1"
  resolved "https://registry.npmmirror.com/@ctrl/tinycolor/-/tinycolor-3.6.1.tgz"
  integrity sha512-SITSV6aIXsuVNV3f3O0f2n/cgyEDWoSqtZMYiAmcsYHydcKrOz3gUxB/iXd/Qf08+IZX4KpgNbvUdMBmWz+kcA==

"@element-plus/icons-vue@^2.3.1":
  version "2.3.1"
  resolved "https://registry.npmmirror.com/@element-plus/icons-vue/-/icons-vue-2.3.1.tgz#1f635ad5fdd5c85ed936481525570e82b5a8307a"
  integrity sha512-XxVUZv48RZAd87ucGS48jPf6pKu0yV5UCg9f4FFwtrYxXOwWuVJo6wOvSLKEoMQKjv8GsX/mhP6UsC1lRwbUWg==

"@esbuild/aix-ppc64@0.21.5":
  version "0.21.5"
  resolved "https://registry.npmmirror.com/@esbuild/aix-ppc64/-/aix-ppc64-0.21.5.tgz#c7184a326533fcdf1b8ee0733e21c713b975575f"
  integrity sha512-1SDgH6ZSPTlggy1yI6+Dbkiz8xzpHJEVAlF/AM1tHPLsf5STom9rwtjE4hKAF20FfXXNTFqEYXyJNWh1GiZedQ==

"@esbuild/android-arm64@0.21.5":
  version "0.21.5"
  resolved "https://registry.npmmirror.com/@esbuild/android-arm64/-/android-arm64-0.21.5.tgz#09d9b4357780da9ea3a7dfb833a1f1ff439b4052"
  integrity sha512-c0uX9VAUBQ7dTDCjq+wdyGLowMdtR/GoC2U5IYk/7D1H1JYC0qseD7+11iMP2mRLN9RcCMRcjC4YMclCzGwS/A==

"@esbuild/android-arm@0.21.5":
  version "0.21.5"
  resolved "https://registry.npmmirror.com/@esbuild/android-arm/-/android-arm-0.21.5.tgz#9b04384fb771926dfa6d7ad04324ecb2ab9b2e28"
  integrity sha512-vCPvzSjpPHEi1siZdlvAlsPxXl7WbOVUBBAowWug4rJHb68Ox8KualB+1ocNvT5fjv6wpkX6o/iEpbDrf68zcg==

"@esbuild/android-x64@0.21.5":
  version "0.21.5"
  resolved "https://registry.npmmirror.com/@esbuild/android-x64/-/android-x64-0.21.5.tgz#29918ec2db754cedcb6c1b04de8cd6547af6461e"
  integrity sha512-D7aPRUUNHRBwHxzxRvp856rjUHRFW1SdQATKXH2hqA0kAZb1hKmi02OpYRacl0TxIGz/ZmXWlbZgjwWYaCakTA==

"@esbuild/darwin-arm64@0.21.5":
  version "0.21.5"
  resolved "https://registry.npmmirror.com/@esbuild/darwin-arm64/-/darwin-arm64-0.21.5.tgz#e495b539660e51690f3928af50a76fb0a6ccff2a"
  integrity sha512-DwqXqZyuk5AiWWf3UfLiRDJ5EDd49zg6O9wclZ7kUMv2WRFr4HKjXp/5t8JZ11QbQfUS6/cRCKGwYhtNAY88kQ==

"@esbuild/darwin-x64@0.21.5":
  version "0.21.5"
  resolved "https://registry.npmmirror.com/@esbuild/darwin-x64/-/darwin-x64-0.21.5.tgz#c13838fa57372839abdddc91d71542ceea2e1e22"
  integrity sha512-se/JjF8NlmKVG4kNIuyWMV/22ZaerB+qaSi5MdrXtd6R08kvs2qCN4C09miupktDitvh8jRFflwGFBQcxZRjbw==

"@esbuild/freebsd-arm64@0.21.5":
  version "0.21.5"
  resolved "https://registry.npmmirror.com/@esbuild/freebsd-arm64/-/freebsd-arm64-0.21.5.tgz#646b989aa20bf89fd071dd5dbfad69a3542e550e"
  integrity sha512-5JcRxxRDUJLX8JXp/wcBCy3pENnCgBR9bN6JsY4OmhfUtIHe3ZW0mawA7+RDAcMLrMIZaf03NlQiX9DGyB8h4g==

"@esbuild/freebsd-x64@0.21.5":
  version "0.21.5"
  resolved "https://registry.npmmirror.com/@esbuild/freebsd-x64/-/freebsd-x64-0.21.5.tgz#aa615cfc80af954d3458906e38ca22c18cf5c261"
  integrity sha512-J95kNBj1zkbMXtHVH29bBriQygMXqoVQOQYA+ISs0/2l3T9/kj42ow2mpqerRBxDJnmkUDCaQT/dfNXWX/ZZCQ==

"@esbuild/linux-arm64@0.21.5":
  version "0.21.5"
  resolved "https://registry.npmmirror.com/@esbuild/linux-arm64/-/linux-arm64-0.21.5.tgz#70ac6fa14f5cb7e1f7f887bcffb680ad09922b5b"
  integrity sha512-ibKvmyYzKsBeX8d8I7MH/TMfWDXBF3db4qM6sy+7re0YXya+K1cem3on9XgdT2EQGMu4hQyZhan7TeQ8XkGp4Q==

"@esbuild/linux-arm@0.21.5":
  version "0.21.5"
  resolved "https://registry.npmmirror.com/@esbuild/linux-arm/-/linux-arm-0.21.5.tgz#fc6fd11a8aca56c1f6f3894f2bea0479f8f626b9"
  integrity sha512-bPb5AHZtbeNGjCKVZ9UGqGwo8EUu4cLq68E95A53KlxAPRmUyYv2D6F0uUI65XisGOL1hBP5mTronbgo+0bFcA==

"@esbuild/linux-ia32@0.21.5":
  version "0.21.5"
  resolved "https://registry.npmmirror.com/@esbuild/linux-ia32/-/linux-ia32-0.21.5.tgz#3271f53b3f93e3d093d518d1649d6d68d346ede2"
  integrity sha512-YvjXDqLRqPDl2dvRODYmmhz4rPeVKYvppfGYKSNGdyZkA01046pLWyRKKI3ax8fbJoK5QbxblURkwK/MWY18Tg==

"@esbuild/linux-loong64@0.21.5":
  version "0.21.5"
  resolved "https://registry.npmmirror.com/@esbuild/linux-loong64/-/linux-loong64-0.21.5.tgz#ed62e04238c57026aea831c5a130b73c0f9f26df"
  integrity sha512-uHf1BmMG8qEvzdrzAqg2SIG/02+4/DHB6a9Kbya0XDvwDEKCoC8ZRWI5JJvNdUjtciBGFQ5PuBlpEOXQj+JQSg==

"@esbuild/linux-mips64el@0.21.5":
  version "0.21.5"
  resolved "https://registry.npmmirror.com/@esbuild/linux-mips64el/-/linux-mips64el-0.21.5.tgz#e79b8eb48bf3b106fadec1ac8240fb97b4e64cbe"
  integrity sha512-IajOmO+KJK23bj52dFSNCMsz1QP1DqM6cwLUv3W1QwyxkyIWecfafnI555fvSGqEKwjMXVLokcV5ygHW5b3Jbg==

"@esbuild/linux-ppc64@0.21.5":
  version "0.21.5"
  resolved "https://registry.npmmirror.com/@esbuild/linux-ppc64/-/linux-ppc64-0.21.5.tgz#5f2203860a143b9919d383ef7573521fb154c3e4"
  integrity sha512-1hHV/Z4OEfMwpLO8rp7CvlhBDnjsC3CttJXIhBi+5Aj5r+MBvy4egg7wCbe//hSsT+RvDAG7s81tAvpL2XAE4w==

"@esbuild/linux-riscv64@0.21.5":
  version "0.21.5"
  resolved "https://registry.npmmirror.com/@esbuild/linux-riscv64/-/linux-riscv64-0.21.5.tgz#07bcafd99322d5af62f618cb9e6a9b7f4bb825dc"
  integrity sha512-2HdXDMd9GMgTGrPWnJzP2ALSokE/0O5HhTUvWIbD3YdjME8JwvSCnNGBnTThKGEB91OZhzrJ4qIIxk/SBmyDDA==

"@esbuild/linux-s390x@0.21.5":
  version "0.21.5"
  resolved "https://registry.npmmirror.com/@esbuild/linux-s390x/-/linux-s390x-0.21.5.tgz#b7ccf686751d6a3e44b8627ababc8be3ef62d8de"
  integrity sha512-zus5sxzqBJD3eXxwvjN1yQkRepANgxE9lgOW2qLnmr8ikMTphkjgXu1HR01K4FJg8h1kEEDAqDcZQtbrRnB41A==

"@esbuild/linux-x64@0.21.5":
  version "0.21.5"
  resolved "https://registry.npmmirror.com/@esbuild/linux-x64/-/linux-x64-0.21.5.tgz#6d8f0c768e070e64309af8004bb94e68ab2bb3b0"
  integrity sha512-1rYdTpyv03iycF1+BhzrzQJCdOuAOtaqHTWJZCWvijKD2N5Xu0TtVC8/+1faWqcP9iBCWOmjmhoH94dH82BxPQ==

"@esbuild/netbsd-x64@0.21.5":
  version "0.21.5"
  resolved "https://registry.npmmirror.com/@esbuild/netbsd-x64/-/netbsd-x64-0.21.5.tgz#bbe430f60d378ecb88decb219c602667387a6047"
  integrity sha512-Woi2MXzXjMULccIwMnLciyZH4nCIMpWQAs049KEeMvOcNADVxo0UBIQPfSmxB3CWKedngg7sWZdLvLczpe0tLg==

"@esbuild/openbsd-x64@0.21.5":
  version "0.21.5"
  resolved "https://registry.npmmirror.com/@esbuild/openbsd-x64/-/openbsd-x64-0.21.5.tgz#99d1cf2937279560d2104821f5ccce220cb2af70"
  integrity sha512-HLNNw99xsvx12lFBUwoT8EVCsSvRNDVxNpjZ7bPn947b8gJPzeHWyNVhFsaerc0n3TsbOINvRP2byTZ5LKezow==

"@esbuild/sunos-x64@0.21.5":
  version "0.21.5"
  resolved "https://registry.npmmirror.com/@esbuild/sunos-x64/-/sunos-x64-0.21.5.tgz#08741512c10d529566baba837b4fe052c8f3487b"
  integrity sha512-6+gjmFpfy0BHU5Tpptkuh8+uw3mnrvgs+dSPQXQOv3ekbordwnzTVEb4qnIvQcYXq6gzkyTnoZ9dZG+D4garKg==

"@esbuild/win32-arm64@0.21.5":
  version "0.21.5"
  resolved "https://registry.npmmirror.com/@esbuild/win32-arm64/-/win32-arm64-0.21.5.tgz#675b7385398411240735016144ab2e99a60fc75d"
  integrity sha512-Z0gOTd75VvXqyq7nsl93zwahcTROgqvuAcYDUr+vOv8uHhNSKROyU961kgtCD1e95IqPKSQKH7tBTslnS3tA8A==

"@esbuild/win32-ia32@0.21.5":
  version "0.21.5"
  resolved "https://registry.npmmirror.com/@esbuild/win32-ia32/-/win32-ia32-0.21.5.tgz#1bfc3ce98aa6ca9a0969e4d2af72144c59c1193b"
  integrity sha512-SWXFF1CL2RVNMaVs+BBClwtfZSvDgtL//G/smwAc5oVK/UPu2Gu9tIaRgFmYFFKrmg3SyAjSrElf0TiJ1v8fYA==

"@esbuild/win32-x64@0.21.5":
  version "0.21.5"
  resolved "https://registry.npmmirror.com/@esbuild/win32-x64/-/win32-x64-0.21.5.tgz"
  integrity sha512-tQd/1efJuzPC6rCFwEvLtci/xNFcTZknmXs98FYDfGE4wP9ClFV98nyKrzJKVPMhdDnjzLhdUyMX4PsQAPjwIw==

"@fit-screen/vue@^1.0.1":
  version "1.0.1"
  resolved "https://registry.npmmirror.com/@fit-screen/vue/-/vue-1.0.1.tgz#8022c0619da2241ab40c1a0d9a1834a743dbfd16"
  integrity sha512-J+q/0FlHFpwdY3Snv7EL/SPaWOMGZvI9M/ly/wt4AwTTNDHpc4vBuKJytbTXhMiM10N588JPYEH6+qfcnnGAzQ==
  dependencies:
    vue-demi "^0.13.11"

"@floating-ui/core@^1.6.0":
  version "1.6.7"
  resolved "https://registry.npmmirror.com/@floating-ui/core/-/core-1.6.7.tgz"
  integrity sha512-yDzVT/Lm101nQ5TCVeK65LtdN7Tj4Qpr9RTXJ2vPFLqtLxwOrpoxAHAJI8J3yYWUc40J0BDBheaitK5SJmno2g==
  dependencies:
    "@floating-ui/utils" "^0.2.7"

"@floating-ui/dom@^1.0.1":
  version "1.6.10"
  resolved "https://registry.npmmirror.com/@floating-ui/dom/-/dom-1.6.10.tgz"
  integrity sha512-fskgCFv8J8OamCmyun8MfjB1Olfn+uZKjOKZ0vhYF3gRmEUXcGOjxWL8bBr7i4kIuPZ2KD2S3EUIOxnjC8kl2A==
  dependencies:
    "@floating-ui/core" "^1.6.0"
    "@floating-ui/utils" "^0.2.7"

"@floating-ui/utils@^0.2.7":
  version "0.2.7"
  resolved "https://registry.npmmirror.com/@floating-ui/utils/-/utils-0.2.7.tgz"
  integrity sha512-X8R8Oj771YRl/w+c1HqAC1szL8zWQRwFvgDwT129k9ACdBoud/+/rX9V0qiMl6LWUdP9voC2nDVZYPMQQsb6eA==

"@jridgewell/sourcemap-codec@^1.5.0":
  version "1.5.0"
  resolved "https://registry.npmmirror.com/@jridgewell/sourcemap-codec/-/sourcemap-codec-1.5.0.tgz"
  integrity sha512-gv3ZRaISU3fjPAgNsriBRqGWQL6quFx04YMPW/zD8XMLsU32mhCCbfbO6KZFLjvYpCZ8zyDEgqsgf+PwPaM7GQ==

"@popperjs/core@npm:@sxzz/popperjs-es@^2.11.7":
  version "2.11.7"
  resolved "https://registry.npmmirror.com/@sxzz/popperjs-es/-/popperjs-es-2.11.7.tgz"
  integrity sha512-Ccy0NlLkzr0Ex2FKvh2X+OyERHXJ88XJ1MXtsI9y9fGexlaXaVTPzBCRBwIxFkORuOb+uBqeu+RqnpgYTEZRUQ==

"@rollup/rollup-android-arm-eabi@4.21.2":
  version "4.21.2"
  resolved "https://registry.npmmirror.com/@rollup/rollup-android-arm-eabi/-/rollup-android-arm-eabi-4.21.2.tgz#0412834dc423d1ff7be4cb1fc13a86a0cd262c11"
  integrity sha512-fSuPrt0ZO8uXeS+xP3b+yYTCBUd05MoSp2N/MFOgjhhUhMmchXlpTQrTpI8T+YAwAQuK7MafsCOxW7VrPMrJcg==

"@rollup/rollup-android-arm64@4.21.2":
  version "4.21.2"
  resolved "https://registry.npmmirror.com/@rollup/rollup-android-arm64/-/rollup-android-arm64-4.21.2.tgz#baf1a014b13654f3b9e835388df9caf8c35389cb"
  integrity sha512-xGU5ZQmPlsjQS6tzTTGwMsnKUtu0WVbl0hYpTPauvbRAnmIvpInhJtgjj3mcuJpEiuUw4v1s4BimkdfDWlh7gA==

"@rollup/rollup-darwin-arm64@4.21.2":
  version "4.21.2"
  resolved "https://registry.npmmirror.com/@rollup/rollup-darwin-arm64/-/rollup-darwin-arm64-4.21.2.tgz#0a2c364e775acdf1172fe3327662eec7c46e55b1"
  integrity sha512-99AhQ3/ZMxU7jw34Sq8brzXqWH/bMnf7ZVhvLk9QU2cOepbQSVTns6qoErJmSiAvU3InRqC2RRZ5ovh1KN0d0Q==

"@rollup/rollup-darwin-x64@4.21.2":
  version "4.21.2"
  resolved "https://registry.npmmirror.com/@rollup/rollup-darwin-x64/-/rollup-darwin-x64-4.21.2.tgz#a972db75890dfab8df0da228c28993220a468c42"
  integrity sha512-ZbRaUvw2iN/y37x6dY50D8m2BnDbBjlnMPotDi/qITMJ4sIxNY33HArjikDyakhSv0+ybdUxhWxE6kTI4oX26w==

"@rollup/rollup-linux-arm-gnueabihf@4.21.2":
  version "4.21.2"
  resolved "https://registry.npmmirror.com/@rollup/rollup-linux-arm-gnueabihf/-/rollup-linux-arm-gnueabihf-4.21.2.tgz#1609d0630ef61109dd19a278353e5176d92e30a1"
  integrity sha512-ztRJJMiE8nnU1YFcdbd9BcH6bGWG1z+jP+IPW2oDUAPxPjo9dverIOyXz76m6IPA6udEL12reYeLojzW2cYL7w==

"@rollup/rollup-linux-arm-musleabihf@4.21.2":
  version "4.21.2"
  resolved "https://registry.npmmirror.com/@rollup/rollup-linux-arm-musleabihf/-/rollup-linux-arm-musleabihf-4.21.2.tgz#3c1dca5f160aa2e79e4b20ff6395eab21804f266"
  integrity sha512-flOcGHDZajGKYpLV0JNc0VFH361M7rnV1ee+NTeC/BQQ1/0pllYcFmxpagltANYt8FYf9+kL6RSk80Ziwyhr7w==

"@rollup/rollup-linux-arm64-gnu@4.21.2":
  version "4.21.2"
  resolved "https://registry.npmmirror.com/@rollup/rollup-linux-arm64-gnu/-/rollup-linux-arm64-gnu-4.21.2.tgz#c2fe376e8b04eafb52a286668a8df7c761470ac7"
  integrity sha512-69CF19Kp3TdMopyteO/LJbWufOzqqXzkrv4L2sP8kfMaAQ6iwky7NoXTp7bD6/irKgknDKM0P9E/1l5XxVQAhw==

"@rollup/rollup-linux-arm64-musl@4.21.2":
  version "4.21.2"
  resolved "https://registry.npmmirror.com/@rollup/rollup-linux-arm64-musl/-/rollup-linux-arm64-musl-4.21.2.tgz#e62a4235f01e0f66dbba587c087ca6db8008ec80"
  integrity sha512-48pD/fJkTiHAZTnZwR0VzHrao70/4MlzJrq0ZsILjLW/Ab/1XlVUStYyGt7tdyIiVSlGZbnliqmult/QGA2O2w==

"@rollup/rollup-linux-powerpc64le-gnu@4.21.2":
  version "4.21.2"
  resolved "https://registry.npmmirror.com/@rollup/rollup-linux-powerpc64le-gnu/-/rollup-linux-powerpc64le-gnu-4.21.2.tgz#24b3457e75ee9ae5b1c198bd39eea53222a74e54"
  integrity sha512-cZdyuInj0ofc7mAQpKcPR2a2iu4YM4FQfuUzCVA2u4HI95lCwzjoPtdWjdpDKyHxI0UO82bLDoOaLfpZ/wviyQ==

"@rollup/rollup-linux-riscv64-gnu@4.21.2":
  version "4.21.2"
  resolved "https://registry.npmmirror.com/@rollup/rollup-linux-riscv64-gnu/-/rollup-linux-riscv64-gnu-4.21.2.tgz#38edfba9620fe2ca8116c97e02bd9f2d606bde09"
  integrity sha512-RL56JMT6NwQ0lXIQmMIWr1SW28z4E4pOhRRNqwWZeXpRlykRIlEpSWdsgNWJbYBEWD84eocjSGDu/XxbYeCmwg==

"@rollup/rollup-linux-s390x-gnu@4.21.2":
  version "4.21.2"
  resolved "https://registry.npmmirror.com/@rollup/rollup-linux-s390x-gnu/-/rollup-linux-s390x-gnu-4.21.2.tgz#a3bfb8bc5f1e802f8c76cff4a4be2e9f9ac36a18"
  integrity sha512-PMxkrWS9z38bCr3rWvDFVGD6sFeZJw4iQlhrup7ReGmfn7Oukrr/zweLhYX6v2/8J6Cep9IEA/SmjXjCmSbrMQ==

"@rollup/rollup-linux-x64-gnu@4.21.2":
  version "4.21.2"
  resolved "https://registry.npmmirror.com/@rollup/rollup-linux-x64-gnu/-/rollup-linux-x64-gnu-4.21.2.tgz#0dadf34be9199fcdda44b5985a086326344f30ad"
  integrity sha512-B90tYAUoLhU22olrafY3JQCFLnT3NglazdwkHyxNDYF/zAxJt5fJUB/yBoWFoIQ7SQj+KLe3iL4BhOMa9fzgpw==

"@rollup/rollup-linux-x64-musl@4.21.2":
  version "4.21.2"
  resolved "https://registry.npmmirror.com/@rollup/rollup-linux-x64-musl/-/rollup-linux-x64-musl-4.21.2.tgz#7b7deddce240400eb87f2406a445061b4fed99a8"
  integrity sha512-7twFizNXudESmC9oneLGIUmoHiiLppz/Xs5uJQ4ShvE6234K0VB1/aJYU3f/4g7PhssLGKBVCC37uRkkOi8wjg==

"@rollup/rollup-win32-arm64-msvc@4.21.2":
  version "4.21.2"
  resolved "https://registry.npmmirror.com/@rollup/rollup-win32-arm64-msvc/-/rollup-win32-arm64-msvc-4.21.2.tgz#a0ca0c5149c2cfb26fab32e6ba3f16996fbdb504"
  integrity sha512-9rRero0E7qTeYf6+rFh3AErTNU1VCQg2mn7CQcI44vNUWM9Ze7MSRS/9RFuSsox+vstRt97+x3sOhEey024FRQ==

"@rollup/rollup-win32-ia32-msvc@4.21.2":
  version "4.21.2"
  resolved "https://registry.npmmirror.com/@rollup/rollup-win32-ia32-msvc/-/rollup-win32-ia32-msvc-4.21.2.tgz#aae2886beec3024203dbb5569db3a137bc385f8e"
  integrity sha512-5rA4vjlqgrpbFVVHX3qkrCo/fZTj1q0Xxpg+Z7yIo3J2AilW7t2+n6Q8Jrx+4MrYpAnjttTYF8rr7bP46BPzRw==

"@rollup/rollup-win32-x64-msvc@4.21.2":
  version "4.21.2"
  resolved "https://registry.npmmirror.com/@rollup/rollup-win32-x64-msvc/-/rollup-win32-x64-msvc-4.21.2.tgz"
  integrity sha512-6UUxd0+SKomjdzuAcp+HAmxw1FlGBnl1v2yEPSabtx4lBfdXHDVsW7+lQkgz9cNFJGY3AWR7+V8P5BqkD9L9nA==

"@types/estree@1.0.5":
  version "1.0.5"
  resolved "https://registry.npmmirror.com/@types/estree/-/estree-1.0.5.tgz"
  integrity sha512-/kYRxGDLWzHOB7q+wtSUQlFrtcdUccpfy+X+9iMBpHK8QLLhx2wIPYuS5DYtR9Wa/YlZAbIovy7qVdB1Aq6Lyw==

"@types/lodash-es@^4.17.6":
  version "4.17.12"
  resolved "https://registry.npmmirror.com/@types/lodash-es/-/lodash-es-4.17.12.tgz"
  integrity sha512-0NgftHUcV4v34VhXm8QBSftKVXtbkBG3ViCjs6+eJ5a6y6Mi/jiFGPc1sC7QK+9BFhWrURE3EOggmWaSxL9OzQ==
  dependencies:
    "@types/lodash" "*"

"@types/lodash@*", "@types/lodash@^4.14.182":
  version "4.17.7"
  resolved "https://registry.npmmirror.com/@types/lodash/-/lodash-4.17.7.tgz"
  integrity sha512-8wTvZawATi/lsmNu10/j2hk1KEP0IvjubqPE3cu1Xz7xfXXt5oCq3SNUz4fMIP4XGF9Ky+Ue2tBA3hcS7LSBlA==

"@types/web-bluetooth@^0.0.16":
  version "0.0.16"
  resolved "https://registry.npmmirror.com/@types/web-bluetooth/-/web-bluetooth-0.0.16.tgz"
  integrity sha512-oh8q2Zc32S6gd/j50GowEjKLoOVOwHP/bWVjKJInBwQqdOYMdPrf1oVlelTlyfFK3CKxL1uahMDAr+vy8T7yMQ==

"@vitejs/plugin-vue@^5.1.2":
  version "5.1.3"
  resolved "https://registry.npmmirror.com/@vitejs/plugin-vue/-/plugin-vue-5.1.3.tgz"
  integrity sha512-3xbWsKEKXYlmX82aOHufFQVnkbMC/v8fLpWwh6hWOUrK5fbbtBh9Q/WWse27BFgSy2/e2c0fz5Scgya9h2GLhw==

"@volar/language-core@2.4.1", "@volar/language-core@~2.4.1":
  version "2.4.1"
  resolved "https://registry.npmmirror.com/@volar/language-core/-/language-core-2.4.1.tgz"
  integrity sha512-9AKhC7Qn2mQYxj7Dz3bVxeOk7gGJladhWixUYKef/o0o7Bm4an+A3XvmcTHVqZ8stE6lBVH++g050tBtJ4TZPQ==
  dependencies:
    "@volar/source-map" "2.4.1"

"@volar/source-map@2.4.1":
  version "2.4.1"
  resolved "https://registry.npmmirror.com/@volar/source-map/-/source-map-2.4.1.tgz"
  integrity sha512-Xq6ep3OZg9xUqN90jEgB9ztX5SsTz1yiV8wiQbcYNjWkek+Ie3dc8l7AVt3EhDm9mSIR58oWczHkzM2H6HIsmQ==

"@volar/typescript@~2.4.1":
  version "2.4.1"
  resolved "https://registry.npmmirror.com/@volar/typescript/-/typescript-2.4.1.tgz"
  integrity sha512-UoRzC0PXcwajFQTu8XxKSYNsWNBtVja6Y9gC8eLv7kYm+UEKJCcZ8g7dialsOYA0HKs3Vpg57MeCsawFLC6m9Q==
  dependencies:
    "@volar/language-core" "2.4.1"
    path-browserify "^1.0.1"
    vscode-uri "^3.0.8"

"@vue/compiler-core@3.4.38":
  version "3.4.38"
  resolved "https://registry.npmmirror.com/@vue/compiler-core/-/compiler-core-3.4.38.tgz"
  integrity sha512-8IQOTCWnLFqfHzOGm9+P8OPSEDukgg3Huc92qSG49if/xI2SAwLHQO2qaPQbjCWPBcQoO1WYfXfTACUrWV3c5A==
  dependencies:
    "@babel/parser" "^7.24.7"
    "@vue/shared" "3.4.38"
    entities "^4.5.0"
    estree-walker "^2.0.2"
    source-map-js "^1.2.0"

"@vue/compiler-dom@3.4.38", "@vue/compiler-dom@^3.4.0":
  version "3.4.38"
  resolved "https://registry.npmmirror.com/@vue/compiler-dom/-/compiler-dom-3.4.38.tgz"
  integrity sha512-Osc/c7ABsHXTsETLgykcOwIxFktHfGSUDkb05V61rocEfsFDcjDLH/IHJSNJP+/Sv9KeN2Lx1V6McZzlSb9EhQ==
  dependencies:
    "@vue/compiler-core" "3.4.38"
    "@vue/shared" "3.4.38"

"@vue/compiler-sfc@3.4.38":
  version "3.4.38"
  resolved "https://registry.npmmirror.com/@vue/compiler-sfc/-/compiler-sfc-3.4.38.tgz"
  integrity sha512-s5QfZ+9PzPh3T5H4hsQDJtI8x7zdJaew/dCGgqZ2630XdzaZ3AD8xGZfBqpT8oaD/p2eedd+pL8tD5vvt5ZYJQ==
  dependencies:
    "@babel/parser" "^7.24.7"
    "@vue/compiler-core" "3.4.38"
    "@vue/compiler-dom" "3.4.38"
    "@vue/compiler-ssr" "3.4.38"
    "@vue/shared" "3.4.38"
    estree-walker "^2.0.2"
    magic-string "^0.30.10"
    postcss "^8.4.40"
    source-map-js "^1.2.0"

"@vue/compiler-ssr@3.4.38":
  version "3.4.38"
  resolved "https://registry.npmmirror.com/@vue/compiler-ssr/-/compiler-ssr-3.4.38.tgz"
  integrity sha512-YXznKFQ8dxYpAz9zLuVvfcXhc31FSPFDcqr0kyujbOwNhlmaNvL2QfIy+RZeJgSn5Fk54CWoEUeW+NVBAogGaw==
  dependencies:
    "@vue/compiler-dom" "3.4.38"
    "@vue/shared" "3.4.38"

"@vue/compiler-vue2@^2.7.16":
  version "2.7.16"
  resolved "https://registry.npmmirror.com/@vue/compiler-vue2/-/compiler-vue2-2.7.16.tgz"
  integrity sha512-qYC3Psj9S/mfu9uVi5WvNZIzq+xnXMhOwbTFKKDD7b1lhpnn71jXSFdTQ+WsIEk0ONCd7VV2IMm7ONl6tbQ86A==
  dependencies:
    de-indent "^1.0.2"
    he "^1.2.0"

"@vue/composition-api@^1.7.2":
  version "1.7.2"
  resolved "https://registry.npmmirror.com/@vue/composition-api/-/composition-api-1.7.2.tgz#0b656f3ec39fefc2cf40aaa8c12426bcfeae1b44"
  integrity sha512-M8jm9J/laYrYT02665HkZ5l2fWTK4dcVg3BsDHm/pfz+MjDYwX+9FUaZyGwEyXEDonQYRCo0H7aLgdklcIELjw==

"@vue/devtools-api@^6.6.3":
  version "6.6.3"
  resolved "https://registry.npmmirror.com/@vue/devtools-api/-/devtools-api-6.6.3.tgz"
  integrity sha512-0MiMsFma/HqA6g3KLKn+AGpL1kgKhFWszC9U29NfpWK5LE7bjeXxySWJrOJ77hBz+TBrBQ7o4QJqbPbqbs8rJw==

"@vue/language-core@2.1.4":
  version "2.1.4"
  resolved "https://registry.npmmirror.com/@vue/language-core/-/language-core-2.1.4.tgz"
  integrity sha512-i8pfAgNjTNjabBX1xRsuV6aRw2E8bdQXwd5H8m3cUkTVJju3QN5nfdoXET0uK+yXsuloNJPzo6PXFujRRPNmMA==
  dependencies:
    "@volar/language-core" "~2.4.1"
    "@vue/compiler-dom" "^3.4.0"
    "@vue/compiler-vue2" "^2.7.16"
    "@vue/shared" "^3.4.0"
    computeds "^0.0.1"
    minimatch "^9.0.3"
    muggle-string "^0.4.1"
    path-browserify "^1.0.1"

"@vue/reactivity@3.4.38":
  version "3.4.38"
  resolved "https://registry.npmmirror.com/@vue/reactivity/-/reactivity-3.4.38.tgz"
  integrity sha512-4vl4wMMVniLsSYYeldAKzbk72+D3hUnkw9z8lDeJacTxAkXeDAP1uE9xr2+aKIN0ipOL8EG2GPouVTH6yF7Gnw==
  dependencies:
    "@vue/shared" "3.4.38"

"@vue/runtime-core@3.4.38":
  version "3.4.38"
  resolved "https://registry.npmmirror.com/@vue/runtime-core/-/runtime-core-3.4.38.tgz"
  integrity sha512-21z3wA99EABtuf+O3IhdxP0iHgkBs1vuoCAsCKLVJPEjpVqvblwBnTj42vzHRlWDCyxu9ptDm7sI2ZMcWrQqlA==
  dependencies:
    "@vue/reactivity" "3.4.38"
    "@vue/shared" "3.4.38"

"@vue/runtime-dom@3.4.38":
  version "3.4.38"
  resolved "https://registry.npmmirror.com/@vue/runtime-dom/-/runtime-dom-3.4.38.tgz"
  integrity sha512-afZzmUreU7vKwKsV17H1NDThEEmdYI+GCAK/KY1U957Ig2NATPVjCROv61R19fjZNzMmiU03n79OMnXyJVN0UA==
  dependencies:
    "@vue/reactivity" "3.4.38"
    "@vue/runtime-core" "3.4.38"
    "@vue/shared" "3.4.38"
    csstype "^3.1.3"

"@vue/server-renderer@3.4.38":
  version "3.4.38"
  resolved "https://registry.npmmirror.com/@vue/server-renderer/-/server-renderer-3.4.38.tgz"
  integrity sha512-NggOTr82FbPEkkUvBm4fTGcwUY8UuTsnWC/L2YZBmvaQ4C4Jl/Ao4HHTB+l7WnFCt5M/dN3l0XLuyjzswGYVCA==
  dependencies:
    "@vue/compiler-ssr" "3.4.38"
    "@vue/shared" "3.4.38"

"@vue/shared@3.4.38", "@vue/shared@^3.4.0":
  version "3.4.38"
  resolved "https://registry.npmmirror.com/@vue/shared/-/shared-3.4.38.tgz"
  integrity sha512-q0xCiLkuWWQLzVrecPb0RMsNWyxICOjPrcrwxTUEHb1fsnvni4dcuyG7RT/Ie7VPTvnjzIaWzRMUBsrqNj/hhw==

"@vueuse/core@^9.1.0":
  version "9.13.0"
  resolved "https://registry.npmmirror.com/@vueuse/core/-/core-9.13.0.tgz"
  integrity sha512-pujnclbeHWxxPRqXWmdkKV5OX4Wk4YeK7wusHqRwU0Q7EFusHoqNA/aPhB6KCh9hEqJkLAJo7bb0Lh9b+OIVzw==
  dependencies:
    "@types/web-bluetooth" "^0.0.16"
    "@vueuse/metadata" "9.13.0"
    "@vueuse/shared" "9.13.0"
    vue-demi "*"

"@vueuse/metadata@9.13.0":
  version "9.13.0"
  resolved "https://registry.npmmirror.com/@vueuse/metadata/-/metadata-9.13.0.tgz"
  integrity sha512-gdU7TKNAUVlXXLbaF+ZCfte8BjRJQWPCa2J55+7/h+yDtzw3vOoGQDRXzI6pyKyo6bXFT5/QoPE4hAknExjRLQ==

"@vueuse/shared@9.13.0":
  version "9.13.0"
  resolved "https://registry.npmmirror.com/@vueuse/shared/-/shared-9.13.0.tgz"
  integrity sha512-UrnhU+Cnufu4S6JLCPZnkWh0WwZGUp72ktOF2DFptMlOs3TOdVv8xJN53zhHGARmVOsz5KqOls09+J1NR6sBKw==
  dependencies:
    vue-demi "*"

"@vxe-ui/core@^4.0.4":
  version "4.0.4"
  resolved "https://registry.npmmirror.com/@vxe-ui/core/-/core-4.0.4.tgz"
  integrity sha512-op14m26U/FofZRVIxL57XKQkYMLbFW4k3PnKtpwdMMm7kRb0uEYhnObFLg+UXH9AIKKsEEab6vbm/E0WtAJ0Vg==
  dependencies:
    dom-zindex "^1.0.5"
    xe-utils "^3.5.30"

async-validator@^4.2.5:
  version "4.2.5"
  resolved "https://registry.npmmirror.com/async-validator/-/async-validator-4.2.5.tgz"
  integrity sha512-7HhHjtERjqlNbZtqNqy2rckN/SpOOlmDliet+lP7k+eKZEjPk3DgyeU9lIXLdeLz0uBbbVp+9Qdow9wJWgwwfg==

balanced-match@^1.0.0:
  version "1.0.2"
  resolved "https://registry.npmmirror.com/balanced-match/-/balanced-match-1.0.2.tgz"
  integrity sha512-3oSeUO0TMV67hN1AmbXsK4yaqU7tjiHlbxRDZOpH0KW9+CeX4bRAaX0Anxt0tx2MrpRpWwQaPwIlISEJhYU5Pw==

brace-expansion@^2.0.1:
  version "2.0.1"
  resolved "https://registry.npmmirror.com/brace-expansion/-/brace-expansion-2.0.1.tgz"
  integrity sha512-XnAIvQ8eM+kC6aULx6wuQiwVsnzsi9d3WxzV3FpWTGA19F621kwdbsAcFKXgKUHZWsy+mY6iL1sHTxWEFCytDA==
  dependencies:
    balanced-match "^1.0.0"

buffer-builder@^0.2.0:
  version "0.2.0"
  resolved "https://registry.npmmirror.com/buffer-builder/-/buffer-builder-0.2.0.tgz#3322cd307d8296dab1f604618593b261a3fade8f"
  integrity sha512-7VPMEPuYznPSoR21NE1zvd2Xna6c/CloiZCfcMXR1Jny6PjX0N4Nsa38zcBFo/FMK+BlA+FLKbJCQ0i2yxp+Xg==

colorjs.io@^0.5.0:
  version "0.5.2"
  resolved "https://registry.npmmirror.com/colorjs.io/-/colorjs.io-0.5.2.tgz#63b20139b007591ebc3359932bef84628eb3fcef"
  integrity sha512-twmVoizEW7ylZSN32OgKdXRmo1qg+wT5/6C3xu5b9QsWzSFAhHLn2xd8ro0diCsKfCj1RdaTP/nrcW+vAoQPIw==

computeds@^0.0.1:
  version "0.0.1"
  resolved "https://registry.npmmirror.com/computeds/-/computeds-0.0.1.tgz"
  integrity sha512-7CEBgcMjVmitjYo5q8JTJVra6X5mQ20uTThdK+0kR7UEaDrAWEQcRiBtWJzga4eRpP6afNwwLsX2SET2JhVB1Q==

csstype@^3.1.3:
  version "3.1.3"
  resolved "https://registry.npmmirror.com/csstype/-/csstype-3.1.3.tgz"
  integrity sha512-M1uQkMl8rQK/szD0LNhtqxIPLpimGm8sOBwU7lLnCpSbTyY3yeU1Vc7l4KT5zT4s/yOxHH5O7tIuuLOCnLADRw==

dayjs@^1.11.3:
  version "1.11.13"
  resolved "https://registry.npmmirror.com/dayjs/-/dayjs-1.11.13.tgz"
  integrity sha512-oaMBel6gjolK862uaPQOVTA7q3TZhuSvuMQAAglQDOWYO9A91IrAOUJEyKVlqJlHE0vq5p5UXxzdPfMH/x6xNg==

de-indent@^1.0.2:
  version "1.0.2"
  resolved "https://registry.npmmirror.com/de-indent/-/de-indent-1.0.2.tgz"
  integrity sha512-e/1zu3xH5MQryN2zdVaF0OrdNLUbvWxzMbi+iNA6Bky7l1RoP8a2fIbRocyHclXt/arDrrR6lL3TqFD9pMQTsg==

dom-zindex@^1.0.5:
  version "1.0.5"
  resolved "https://registry.npmmirror.com/dom-zindex/-/dom-zindex-1.0.5.tgz"
  integrity sha512-fvtsFOawZEkt6/SE67eu5IY+Iid8bHAHoYMnRzk4y3ZycAtZJvx7JqE0c0T5GXfxSXw0XKyYDI9K5VkDpovc6A==

echarts@^5.5.1:
  version "5.5.1"
  resolved "https://registry.npmmirror.com/echarts/-/echarts-5.5.1.tgz#8dc9c68d0c548934bedcb5f633db07ed1dd2101c"
  integrity sha512-Fce8upazaAXUVUVsjgV6mBnGuqgO+JNDlcgF79Dksy4+wgGpQB2lmYoO4TSweFg/mZITdpGHomw/cNBJZj1icA==
  dependencies:
    tslib "2.3.0"
    zrender "5.6.0"

element-plus@^2.8.1:
  version "2.8.1"
  resolved "https://registry.npmmirror.com/element-plus/-/element-plus-2.8.1.tgz"
  integrity sha512-p11/6w/O0+hGvPhiN3jrcgh+XG+eg5jZlLdQVYvcPHZYhhCh3J3YeZWW1JO/REPES1vevkboT6VAi+9wHA8Dsg==
  dependencies:
    "@ctrl/tinycolor" "^3.4.1"
    "@element-plus/icons-vue" "^2.3.1"
    "@floating-ui/dom" "^1.0.1"
    "@popperjs/core" "npm:@sxzz/popperjs-es@^2.11.7"
    "@types/lodash" "^4.14.182"
    "@types/lodash-es" "^4.17.6"
    "@vueuse/core" "^9.1.0"
    async-validator "^4.2.5"
    dayjs "^1.11.3"
    escape-html "^1.0.3"
    lodash "^4.17.21"
    lodash-es "^4.17.21"
    lodash-unified "^1.0.2"
    memoize-one "^6.0.0"
    normalize-wheel-es "^1.2.0"

entities@^4.5.0:
  version "4.5.0"
  resolved "https://registry.npmmirror.com/entities/-/entities-4.5.0.tgz"
  integrity sha512-V0hjH4dGPh9Ao5p0MoRY6BVqtwCjhz6vI5LT8AJ55H+4g9/4vbHx1I54fS0XuclLhDHArPQCiMjDxjaL8fPxhw==

esbuild@^0.21.3:
  version "0.21.5"
  resolved "https://registry.npmmirror.com/esbuild/-/esbuild-0.21.5.tgz"
  integrity sha512-mg3OPMV4hXywwpoDxu3Qda5xCKQi+vCTZq8S9J/EpkhB2HzKXq4SNFZE3+NK93JYxc8VMSep+lOUSC/RVKaBqw==
  optionalDependencies:
    "@esbuild/aix-ppc64" "0.21.5"
    "@esbuild/android-arm" "0.21.5"
    "@esbuild/android-arm64" "0.21.5"
    "@esbuild/android-x64" "0.21.5"
    "@esbuild/darwin-arm64" "0.21.5"
    "@esbuild/darwin-x64" "0.21.5"
    "@esbuild/freebsd-arm64" "0.21.5"
    "@esbuild/freebsd-x64" "0.21.5"
    "@esbuild/linux-arm" "0.21.5"
    "@esbuild/linux-arm64" "0.21.5"
    "@esbuild/linux-ia32" "0.21.5"
    "@esbuild/linux-loong64" "0.21.5"
    "@esbuild/linux-mips64el" "0.21.5"
    "@esbuild/linux-ppc64" "0.21.5"
    "@esbuild/linux-riscv64" "0.21.5"
    "@esbuild/linux-s390x" "0.21.5"
    "@esbuild/linux-x64" "0.21.5"
    "@esbuild/netbsd-x64" "0.21.5"
    "@esbuild/openbsd-x64" "0.21.5"
    "@esbuild/sunos-x64" "0.21.5"
    "@esbuild/win32-arm64" "0.21.5"
    "@esbuild/win32-ia32" "0.21.5"
    "@esbuild/win32-x64" "0.21.5"

escape-html@^1.0.3:
  version "1.0.3"
  resolved "https://registry.npmmirror.com/escape-html/-/escape-html-1.0.3.tgz"
  integrity sha512-NiSupZ4OeuGwr68lGIeym/ksIZMJodUGOSCZ/FSnTxcrekbvqrgdUxlJOMpijaKZVjAJrWrGs/6Jy8OMuyj9ow==

estree-walker@^2.0.2:
  version "2.0.2"
  resolved "https://registry.npmmirror.com/estree-walker/-/estree-walker-2.0.2.tgz"
  integrity sha512-Rfkk/Mp/DL7JVje3u18FxFujQlTNR2q6QfMSMB7AvCBx91NGj/ba3kCfza0f6dVDbw7YlRf/nDrn7pQrCCyQ/w==

fsevents@~2.3.2, fsevents@~2.3.3:
  version "2.3.3"
  resolved "https://registry.npmmirror.com/fsevents/-/fsevents-2.3.3.tgz#cac6407785d03675a2a5e1a5305c697b347d90d6"
  integrity sha512-5xoDfX+fL7faATnagmWPpbFtwh/R77WmMMqqHGS65C3vvB0YHrgF+B1YmZ3441tMj5n63k0212XNoJwzlhffQw==

has-flag@^4.0.0:
  version "4.0.0"
  resolved "https://registry.npmmirror.com/has-flag/-/has-flag-4.0.0.tgz#944771fd9c81c81265c4d6941860da06bb59479b"
  integrity sha512-EykJT/Q1KjTWctppgIAgfSO0tKVuZUjhgMr17kqTumMl6Afv3EISleU7qZUzoXDFTAHTDC4NOoG/ZxU3EvlMPQ==

he@^1.2.0:
  version "1.2.0"
  resolved "https://registry.npmmirror.com/he/-/he-1.2.0.tgz"
  integrity sha512-F/1DnUGPopORZi0ni+CvrCgHQ5FyEAHRLSApuYWMmrbSwoN2Mn/7k+Gl38gJnR7yyDZk6WLXwiGod1JOWNDKGw==

immutable@^4.0.0:
  version "4.3.7"
  resolved "https://registry.npmmirror.com/immutable/-/immutable-4.3.7.tgz#c70145fc90d89fb02021e65c84eb0226e4e5a381"
  integrity sha512-1hqclzwYwjRDFLjcFxOM5AYkkG0rpFPpr1RLPMEuGczoS7YA8gLhy8SWXYRAA/XwfEHpfo3cw5JGioS32fnMRw==

lodash-es@^4.17.21:
  version "4.17.21"
  resolved "https://registry.npmmirror.com/lodash-es/-/lodash-es-4.17.21.tgz"
  integrity sha512-mKnC+QJ9pWVzv+C4/U3rRsHapFfHvQFoFB92e52xeyGMcX6/OlIl78je1u8vePzYZSkkogMPJ2yjxxsb89cxyw==

lodash-unified@^1.0.2:
  version "1.0.3"
  resolved "https://registry.npmmirror.com/lodash-unified/-/lodash-unified-1.0.3.tgz"
  integrity sha512-WK9qSozxXOD7ZJQlpSqOT+om2ZfcT4yO+03FuzAHD0wF6S0l0090LRPDx3vhTTLZ8cFKpBn+IOcVXK6qOcIlfQ==

lodash@^4.17.21:
  version "4.17.21"
  resolved "https://registry.npmmirror.com/lodash/-/lodash-4.17.21.tgz"
  integrity sha512-v2kDEe57lecTulaDIuNTPy3Ry4gLGJ6Z1O3vE1krgXZNrsQ+LFTGHVxVjcXPs17LhbZVGedAJv8XZ1tvj5FvSg==

magic-string@^0.30.10:
  version "0.30.11"
  resolved "https://registry.npmmirror.com/magic-string/-/magic-string-0.30.11.tgz"
  integrity sha512-+Wri9p0QHMy+545hKww7YAu5NyzF8iomPL/RQazugQ9+Ez4Ic3mERMd8ZTX5rfK944j+560ZJi8iAwgak1Ac7A==
  dependencies:
    "@jridgewell/sourcemap-codec" "^1.5.0"

memoize-one@^6.0.0:
  version "6.0.0"
  resolved "https://registry.npmmirror.com/memoize-one/-/memoize-one-6.0.0.tgz"
  integrity sha512-rkpe71W0N0c0Xz6QD0eJETuWAJGnJ9afsl1srmwPrI+yBCkge5EycXXbYRyvL29zZVUWQCY7InPRCv3GDXuZNw==

minimatch@^9.0.3:
  version "9.0.5"
  resolved "https://registry.npmmirror.com/minimatch/-/minimatch-9.0.5.tgz"
  integrity sha512-G6T0ZX48xgozx7587koeX9Ys2NYy6Gmv//P89sEte9V9whIapMNF4idKxnW2QtCcLiTWlb/wfCabAtAFWhhBow==
  dependencies:
    brace-expansion "^2.0.1"

muggle-string@^0.4.1:
  version "0.4.1"
  resolved "https://registry.npmmirror.com/muggle-string/-/muggle-string-0.4.1.tgz"
  integrity sha512-VNTrAak/KhO2i8dqqnqnAHOa3cYBwXEZe9h+D5h/1ZqFSTEFHdM65lR7RoIqq3tBBYavsOXV84NoHXZ0AkPyqQ==

nanoid@^3.3.7:
  version "3.3.7"
  resolved "https://registry.npmmirror.com/nanoid/-/nanoid-3.3.7.tgz"
  integrity sha512-eSRppjcPIatRIMC1U6UngP8XFcz8MQWGQdt1MTBQ7NaAmvXDfvNxbvWV3x2y6CdEUciCSsDHDQZbhYaB8QEo2g==

normalize-wheel-es@^1.2.0:
  version "1.2.0"
  resolved "https://registry.npmmirror.com/normalize-wheel-es/-/normalize-wheel-es-1.2.0.tgz"
  integrity sha512-Wj7+EJQ8mSuXr2iWfnujrimU35R2W4FAErEyTmJoJ7ucwTn2hOUSsRehMb5RSYkxXGTM7Y9QpvPmp++w5ftoJw==

path-browserify@^1.0.1:
  version "1.0.1"
  resolved "https://registry.npmmirror.com/path-browserify/-/path-browserify-1.0.1.tgz"
  integrity sha512-b7uo2UCUOYZcnF/3ID0lulOJi/bafxa1xPe7ZPsammBSpjSWQkjNxlt635YGS2MiR9GjvuXCtz2emr3jbsz98g==

picocolors@^1.0.1:
  version "1.0.1"
  resolved "https://registry.npmmirror.com/picocolors/-/picocolors-1.0.1.tgz"
  integrity sha512-anP1Z8qwhkbmu7MFP5iTt+wQKXgwzf7zTyGlcdzabySa9vd0Xt392U0rVmz9poOaBj0uHJKyyo9/upk0HrEQew==

postcss@^8.4.40, postcss@^8.4.41:
  version "8.4.43"
  resolved "https://registry.npmmirror.com/postcss/-/postcss-8.4.43.tgz"
  integrity sha512-gJAQVYbh5R3gYm33FijzCZj7CHyQ3hWMgJMprLUlIYqCwTeZhBQ19wp0e9mA25BUbEvY5+EXuuaAjqQsrBxQBQ==
  dependencies:
    nanoid "^3.3.7"
    picocolors "^1.0.1"
    source-map-js "^1.2.0"

rollup@^4.20.0:
  version "4.21.2"
  resolved "https://registry.npmmirror.com/rollup/-/rollup-4.21.2.tgz"
  integrity sha512-e3TapAgYf9xjdLvKQCkQTnbTKd4a6jwlpQSJJFokHGaX2IVjoEqkIIhiQfqsi0cdwlOD+tQGuOd5AJkc5RngBw==
  dependencies:
    "@types/estree" "1.0.5"
  optionalDependencies:
    "@rollup/rollup-android-arm-eabi" "4.21.2"
    "@rollup/rollup-android-arm64" "4.21.2"
    "@rollup/rollup-darwin-arm64" "4.21.2"
    "@rollup/rollup-darwin-x64" "4.21.2"
    "@rollup/rollup-linux-arm-gnueabihf" "4.21.2"
    "@rollup/rollup-linux-arm-musleabihf" "4.21.2"
    "@rollup/rollup-linux-arm64-gnu" "4.21.2"
    "@rollup/rollup-linux-arm64-musl" "4.21.2"
    "@rollup/rollup-linux-powerpc64le-gnu" "4.21.2"
    "@rollup/rollup-linux-riscv64-gnu" "4.21.2"
    "@rollup/rollup-linux-s390x-gnu" "4.21.2"
    "@rollup/rollup-linux-x64-gnu" "4.21.2"
    "@rollup/rollup-linux-x64-musl" "4.21.2"
    "@rollup/rollup-win32-arm64-msvc" "4.21.2"
    "@rollup/rollup-win32-ia32-msvc" "4.21.2"
    "@rollup/rollup-win32-x64-msvc" "4.21.2"
    fsevents "~2.3.2"

rxjs@^7.4.0:
  version "7.8.1"
  resolved "https://registry.npmmirror.com/rxjs/-/rxjs-7.8.1.tgz#6f6f3d99ea8044291efd92e7c7fcf562c4057543"
  integrity sha512-AA3TVj+0A2iuIoQkWEK/tqFjBq2j+6PO6Y0zJcvzLAFhEFIO3HL0vls9hWLncZbAAbK0mar7oZ4V079I/qPMxg==
  dependencies:
    tslib "^2.1.0"

sass-embedded-android-arm64@1.79.1:
  version "1.79.1"
  resolved "https://registry.npmmirror.com/sass-embedded-android-arm64/-/sass-embedded-android-arm64-1.79.1.tgz#44638b2b002f27cdc8cf90ff30ad698311d40e70"
  integrity sha512-q+Q1GdLCTVazpfX/vKJGRQJTjZwSkcViUThzSOtCDwNK6vMbJB3x6CHmHmKWYnjceA2y73QRgs9kR+NDLZoPLQ==

sass-embedded-android-arm@1.79.1:
  version "1.79.1"
  resolved "https://registry.npmmirror.com/sass-embedded-android-arm/-/sass-embedded-android-arm-1.79.1.tgz#37418863ce1afe819ef602cb9f6e966424ae1bd8"
  integrity sha512-p6TaAOFUDx3DjK3i8Y3c4rNXnSJZcivYL+CojMefHZgJNm7PS0mrpzr4a0kkD25saZO208r+Fa258ax1+GzEvA==

sass-embedded-android-ia32@1.79.1:
  version "1.79.1"
  resolved "https://registry.npmmirror.com/sass-embedded-android-ia32/-/sass-embedded-android-ia32-1.79.1.tgz#d629048e2a7d195fed27a82c4bdc4c51611bcdd6"
  integrity sha512-bp4x5gjv1Wq5cAur8iKYZShfG27XUS/nrhqJU0PN2EGqu+YTklYR4ouoR4yZDFXjNA7RKmqqzJE+8Jks5cVnGA==

sass-embedded-android-riscv64@1.79.1:
  version "1.79.1"
  resolved "https://registry.npmmirror.com/sass-embedded-android-riscv64/-/sass-embedded-android-riscv64-1.79.1.tgz#2d4bcd9096d014e8e7bbda613aa60a88ba82871e"
  integrity sha512-1BJT4XtWvQeCjFUzNg1+Xa8RtIP8p2odBF5ly4i7ON6pHHYknjbpHTXIXFkz5sgLReFue9q/bsKIgvSPHMgkIg==

sass-embedded-android-x64@1.79.1:
  version "1.79.1"
  resolved "https://registry.npmmirror.com/sass-embedded-android-x64/-/sass-embedded-android-x64-1.79.1.tgz#6a913f1f565f55c20a6536b136f92531c058ca49"
  integrity sha512-eqqDI9hOLNpbdEtBG7uJoAnim5xvscjlUTqHsqGlkddTdnXjwgcUDeqmc3z4iFr1wq7bZpb+xz6FM3MJxeLa7g==

sass-embedded-darwin-arm64@1.79.1:
  version "1.79.1"
  resolved "https://registry.npmmirror.com/sass-embedded-darwin-arm64/-/sass-embedded-darwin-arm64-1.79.1.tgz#83f5a3ad950f1dbddc7c2223bee4f4e298420a17"
  integrity sha512-6co9oRwPmyvEC9I5SyW+NHOQKLmVfQZVbYWvFQl3EPLsUCTQ88dVteQwPdpm+3MY0GNjLjjVppeyAsmWHjUmjQ==

sass-embedded-darwin-x64@1.79.1:
  version "1.79.1"
  resolved "https://registry.npmmirror.com/sass-embedded-darwin-x64/-/sass-embedded-darwin-x64-1.79.1.tgz#48f2c90b4234a3a7db055103cfd627449a2b34d9"
  integrity sha512-9rFlxTj5gxtxA1EBkO3dJ1W70Zebpw28wHUs/wByrT1FqR6+uPnyLOWwt5WJLc4AoS1LLQz/ZeknxL/mKI+GrA==

sass-embedded-linux-arm64@1.79.1:
  version "1.79.1"
  resolved "https://registry.npmmirror.com/sass-embedded-linux-arm64/-/sass-embedded-linux-arm64-1.79.1.tgz#13b593e6de87814dfcbad92d0ba24059734fbfc2"
  integrity sha512-7LyLZ9XJU/9CAzCrWWFhqGEK620tYoNxMIpqX1yfNUiDGoolXfs1WDpxEiXqQaw4DmcPeAkqqAs8tg7qekDXBg==

sass-embedded-linux-arm@1.79.1:
  version "1.79.1"
  resolved "https://registry.npmmirror.com/sass-embedded-linux-arm/-/sass-embedded-linux-arm-1.79.1.tgz#1641dfeb8c865eb43dc4f1b07cb38a9ce143836b"
  integrity sha512-Qdc94coLXxQ4NNS9DT+V9RtJ7TnttRhaNFR79ZU8RtZ1jHTWLnnC1rEDm1Br3btOy7op3eplFpJahfNZPRFKug==

sass-embedded-linux-ia32@1.79.1:
  version "1.79.1"
  resolved "https://registry.npmmirror.com/sass-embedded-linux-ia32/-/sass-embedded-linux-ia32-1.79.1.tgz#cfd265e3c27bd64d022c1ade4a6e02af64dc7b58"
  integrity sha512-9ZsVRSZJvUT6gNL1wS54cRdNqGfpi32zGh4q/Q62AKbAqmNb+BvuQT4TsBLuIEMDaR75Z1xvj1iArguD/LX00A==

sass-embedded-linux-musl-arm64@1.79.1:
  version "1.79.1"
  resolved "https://registry.npmmirror.com/sass-embedded-linux-musl-arm64/-/sass-embedded-linux-musl-arm64-1.79.1.tgz#694f1e9ac7e1e3ae4f5dd67fec4231e71d836a35"
  integrity sha512-4iNhJgeyyZrsBA/RwSiTRaxPSsHpvjr8I+oN6E0OpEzyY62QIxhQGGf1A73fOs6tJLw58ba14tAm/bblGefLFQ==

sass-embedded-linux-musl-arm@1.79.1:
  version "1.79.1"
  resolved "https://registry.npmmirror.com/sass-embedded-linux-musl-arm/-/sass-embedded-linux-musl-arm-1.79.1.tgz#aa5e5f351c94e5a4d433db61201711bc5baf3bf0"
  integrity sha512-4MBu1aFvGE45CYii6dbdce3nPNc8CKcQ0spf7r6DeEn19NWJ0dNkYMTIa8Xy+TwZ1uS92g8E+M/aXmwQlRXQCA==

sass-embedded-linux-musl-ia32@1.79.1:
  version "1.79.1"
  resolved "https://registry.npmmirror.com/sass-embedded-linux-musl-ia32/-/sass-embedded-linux-musl-ia32-1.79.1.tgz#cc9b99a808bd5f8edd62338bb1768fee4fc688de"
  integrity sha512-5CF4mrbrnrtpKcoxuJnF6SryOqjyCdXyPJ6U6PjOUYEA1T1Cd/sE0cB+wswTQRgPVrYQO1d9c0eSEY1gZijp0g==

sass-embedded-linux-musl-riscv64@1.79.1:
  version "1.79.1"
  resolved "https://registry.npmmirror.com/sass-embedded-linux-musl-riscv64/-/sass-embedded-linux-musl-riscv64-1.79.1.tgz#6bb34eefc6e8963b6fe85f5d41ff77ae80a80697"
  integrity sha512-ZOVpi6c0vfD0vBBtmQqwd4+gGbrnsKnuyrh2ghoNbwg4oMHo85S0rCUR/3Uny6oFDKnTTJkWjamig3gy6ygzYQ==

sass-embedded-linux-musl-x64@1.79.1:
  version "1.79.1"
  resolved "https://registry.npmmirror.com/sass-embedded-linux-musl-x64/-/sass-embedded-linux-musl-x64-1.79.1.tgz#5b5f1969b0eb29facf6fac51eebf2eac7fbd71ac"
  integrity sha512-0lcQZ7hZ6/gBoJ/Od7BX33Q3jr9oGaQxJfYZ0wmCK4qSu3S06UoBTELy9Njv51h+JaWJFUwzROay8bGWrEVuLQ==

sass-embedded-linux-riscv64@1.79.1:
  version "1.79.1"
  resolved "https://registry.npmmirror.com/sass-embedded-linux-riscv64/-/sass-embedded-linux-riscv64-1.79.1.tgz#3dbb0e3992298a55cbf1a969f2723f1e3ba44bde"
  integrity sha512-KQED61FrdYvW0YEMncBsak/PshpGkdPpzLLGXjdUqKqe6Tiv8/zqrlD8GC8CIvSBRxZs7ybyFMPi1KyjnvtUdQ==

sass-embedded-linux-x64@1.79.1:
  version "1.79.1"
  resolved "https://registry.npmmirror.com/sass-embedded-linux-x64/-/sass-embedded-linux-x64-1.79.1.tgz#46cb365c7fd51a2aab9b7e52fc206e9fe347aa14"
  integrity sha512-s4QSuvdNrQq00XB2t3Dt+B05rc5cvONnveHijaXtqS+yb98tvNvDiozVfS20k4k1eklhoBC8FBm165RAXDGEuA==

sass-embedded-win32-arm64@1.79.1:
  version "1.79.1"
  resolved "https://registry.npmmirror.com/sass-embedded-win32-arm64/-/sass-embedded-win32-arm64-1.79.1.tgz#7bf23559d941609145c4858bc43de6b87e608e6e"
  integrity sha512-S7gzwMAvevFEJGZaWNltfJtvi8LCceWNs94b8uHQhmq8F/YFRy/iNPVAVB3SvnvBrIk8Iy2X6AXWoneLHFsNfg==

sass-embedded-win32-ia32@1.79.1:
  version "1.79.1"
  resolved "https://registry.npmmirror.com/sass-embedded-win32-ia32/-/sass-embedded-win32-ia32-1.79.1.tgz#dd2c41820153cd74fe3aff6a8669cddf7cc57d80"
  integrity sha512-UjxQ6KtO3UthJMvjlVaE3QiO76wRXLcM/gejSp2cgYUVRHYXFr88z0XjQiZc9mJEuvHi69BvvmpCjN4iptKO5A==

sass-embedded-win32-x64@1.79.1:
  version "1.79.1"
  resolved "https://registry.npmmirror.com/sass-embedded-win32-x64/-/sass-embedded-win32-x64-1.79.1.tgz#0808c4f5de7c6031213b784eab267b68ae6e70fe"
  integrity sha512-hN9fO2Z5c5YhvF/p31PM4861y6wglwc11/K5vTaGwDKkhfVrKoT2iMGC9r0GshsP9D/LV8s+StoFe3NLYYp8Qg==

sass-embedded@^1.79.1:
  version "1.79.1"
  resolved "https://registry.npmmirror.com/sass-embedded/-/sass-embedded-1.79.1.tgz#7450141a3a53527d1ec83e40ede025454e9fcfd0"
  integrity sha512-UIgG9sHZZ1fT28bxOGi6RUTyvuNvnNQ5nUCdeDGOiS+pGhxLNMdoSFd1cwF8cF5+JUfS6PK8TVAc+aNX4Q3ZGQ==
  dependencies:
    "@bufbuild/protobuf" "^2.0.0"
    buffer-builder "^0.2.0"
    colorjs.io "^0.5.0"
    immutable "^4.0.0"
    rxjs "^7.4.0"
    supports-color "^8.1.1"
    varint "^6.0.0"
  optionalDependencies:
    sass-embedded-android-arm "1.79.1"
    sass-embedded-android-arm64 "1.79.1"
    sass-embedded-android-ia32 "1.79.1"
    sass-embedded-android-riscv64 "1.79.1"
    sass-embedded-android-x64 "1.79.1"
    sass-embedded-darwin-arm64 "1.79.1"
    sass-embedded-darwin-x64 "1.79.1"
    sass-embedded-linux-arm "1.79.1"
    sass-embedded-linux-arm64 "1.79.1"
    sass-embedded-linux-ia32 "1.79.1"
    sass-embedded-linux-musl-arm "1.79.1"
    sass-embedded-linux-musl-arm64 "1.79.1"
    sass-embedded-linux-musl-ia32 "1.79.1"
    sass-embedded-linux-musl-riscv64 "1.79.1"
    sass-embedded-linux-musl-x64 "1.79.1"
    sass-embedded-linux-riscv64 "1.79.1"
    sass-embedded-linux-x64 "1.79.1"
    sass-embedded-win32-arm64 "1.79.1"
    sass-embedded-win32-ia32 "1.79.1"
    sass-embedded-win32-x64 "1.79.1"

semver@^7.5.4:
  version "7.6.3"
  resolved "https://registry.npmmirror.com/semver/-/semver-7.6.3.tgz"
  integrity sha512-oVekP1cKtI+CTDvHWYFUcMtsK/00wmAEfyqKfNdARm8u1wNVhSgaX7A8d4UuIlUI5e84iEwOhs7ZPYRmzU9U6A==

source-map-js@^1.2.0:
  version "1.2.0"
  resolved "https://registry.npmmirror.com/source-map-js/-/source-map-js-1.2.0.tgz"
  integrity sha512-itJW8lvSA0TXEphiRoawsCksnlf8SyvmFzIhltqAHluXd88pkCd+cXJVHTDwdCr0IzwptSm035IHQktUu1QUMg==

supports-color@^8.1.1:
  version "8.1.1"
  resolved "https://registry.npmmirror.com/supports-color/-/supports-color-8.1.1.tgz#cd6fc17e28500cff56c1b86c0a7fd4a54a73005c"
  integrity sha512-MpUEN2OodtUzxvKQl72cUF7RQ5EiHsGvSsVG0ia9c5RbWGL2CI4C7EpPS8UTBIplnlzZiNuV56w+FuNxy3ty2Q==
  dependencies:
    has-flag "^4.0.0"

to-fast-properties@^2.0.0:
  version "2.0.0"
  resolved "https://registry.npmmirror.com/to-fast-properties/-/to-fast-properties-2.0.0.tgz"
  integrity sha512-/OaKK0xYrs3DmxRYqL/yDc+FxFUVYhDlXMhRmv3z915w2HF1tnN1omB354j8VUGO/hbRzyD6Y3sA7v7GS/ceog==

tslib@2.3.0:
  version "2.3.0"
  resolved "https://registry.npmmirror.com/tslib/-/tslib-2.3.0.tgz#803b8cdab3e12ba581a4ca41c8839bbb0dacb09e"
  integrity sha512-N82ooyxVNm6h1riLCoyS9e3fuJ3AMG2zIZs2Gd1ATcSFjSA23Q0fzjjZeh0jbJvWVDZ0cJT8yaNNaaXHzueNjg==

tslib@^2.1.0, tslib@^2.7.0:
  version "2.7.0"
  resolved "https://registry.npmmirror.com/tslib/-/tslib-2.7.0.tgz"
  integrity sha512-gLXCKdN1/j47AiHiOkJN69hJmcbGTHI0ImLmbYLHykhgeN0jVGola9yVjFgzCUklsZQMW55o+dW7IXv3RCXDzA==

typescript@^5.5.3:
  version "5.5.4"
  resolved "https://registry.npmmirror.com/typescript/-/typescript-5.5.4.tgz"
  integrity sha512-Mtq29sKDAEYP7aljRgtPOpTvOfbwRWlS6dPRzwjdE+C0R4brX/GUyhHSecbHMFLNBLcJIPt9nl9yG5TZ1weH+Q==

varint@^6.0.0:
  version "6.0.0"
  resolved "https://registry.npmmirror.com/varint/-/varint-6.0.0.tgz#9881eb0ce8feaea6512439d19ddf84bf551661d0"
  integrity sha512-cXEIW6cfr15lFv563k4GuVuW/fiwjknytD37jIOLSdSWuOI6WnO/oKwmP2FQTU2l01LP8/M5TSAJpzUaGe3uWg==

vite@^5.4.1:
  version "5.4.2"
  resolved "https://registry.npmmirror.com/vite/-/vite-5.4.2.tgz"
  integrity sha512-dDrQTRHp5C1fTFzcSaMxjk6vdpKvT+2/mIdE07Gw2ykehT49O0z/VHS3zZ8iV/Gh8BJJKHWOe5RjaNrW5xf/GA==
  dependencies:
    esbuild "^0.21.3"
    postcss "^8.4.41"
    rollup "^4.20.0"
  optionalDependencies:
    fsevents "~2.3.3"

vscode-uri@^3.0.8:
  version "3.0.8"
  resolved "https://registry.npmmirror.com/vscode-uri/-/vscode-uri-3.0.8.tgz"
  integrity sha512-AyFQ0EVmsOZOlAnxoFOGOq1SQDWAB7C6aqMGS23svWAllfOaxbuFvcT8D1i8z3Gyn8fraVeZNNmN6e9bxxXkKw==

vue-demi@*:
  version "0.14.10"
  resolved "https://registry.npmmirror.com/vue-demi/-/vue-demi-0.14.10.tgz"
  integrity sha512-nMZBOwuzabUO0nLgIcc6rycZEebF6eeUfaiQx9+WSk8e29IbLvPU9feI6tqW4kTo3hvoYAJkMh8n8D0fuISphg==

vue-demi@^0.13.11:
  version "0.13.11"
  resolved "https://registry.npmmirror.com/vue-demi/-/vue-demi-0.13.11.tgz#7d90369bdae8974d87b1973564ad390182410d99"
  integrity sha512-IR8HoEEGM65YY3ZJYAjMlKygDQn25D5ajNFNoKh9RSDMQtlzCxtfQjdQgv9jjK+m3377SsJXY8ysq8kLCZL25A==

vue-router@^4.4.3:
  version "4.4.3"
  resolved "https://registry.npmmirror.com/vue-router/-/vue-router-4.4.3.tgz"
  integrity sha512-sv6wmNKx2j3aqJQDMxLFzs/u/mjA9Z5LCgy6BE0f7yFWMjrPLnS/sPNn8ARY/FXw6byV18EFutn5lTO6+UsV5A==
  dependencies:
    "@vue/devtools-api" "^6.6.3"

vue-tsc@^2.0.29:
  version "2.1.4"
  resolved "https://registry.npmmirror.com/vue-tsc/-/vue-tsc-2.1.4.tgz"
  integrity sha512-XTzMXQcsixAvNbpou/9qngEsZawaiJRZH3Ja+lfgRfv2A1TJv9vnZ/Kyv7XxPqv/TaZVFSnjGpM87VbWIg6yQg==
  dependencies:
    "@volar/typescript" "~2.4.1"
    "@vue/language-core" "2.1.4"
    semver "^7.5.4"

vue@^3.4.37:
  version "3.4.38"
  resolved "https://registry.npmmirror.com/vue/-/vue-3.4.38.tgz"
  integrity sha512-f0ZgN+mZ5KFgVv9wz0f4OgVKukoXtS3nwET4c2vLBGQR50aI8G0cqbFtLlX9Yiyg3LFGBitruPHt2PxwTduJEw==
  dependencies:
    "@vue/compiler-dom" "3.4.38"
    "@vue/compiler-sfc" "3.4.38"
    "@vue/runtime-dom" "3.4.38"
    "@vue/server-renderer" "3.4.38"
    "@vue/shared" "3.4.38"

vxe-pc-ui@^4.1.14:
  version "4.1.16"
  resolved "https://registry.npmmirror.com/vxe-pc-ui/-/vxe-pc-ui-4.1.16.tgz"
  integrity sha512-jnzJtpQElG8bmSvGvxPOIAQ66eWrW90DhsVDztU73qj3WS3M0FJvCFF98f/KlohNPPA0dgTPvDz1ZwPPP2+GKg==
  dependencies:
    "@vxe-ui/core" "^4.0.4"

vxe-table@^4.7.75:
  version "4.7.75"
  resolved "https://registry.npmmirror.com/vxe-table/-/vxe-table-4.7.75.tgz"
  integrity sha512-VeahYeDQCGyl0zAU5nXiRXwmaeigigBRU20iIHmG87a88bypn+pffVSV0lizzHUJheJpp5Go1vgRApES0aloGw==
  dependencies:
    vxe-pc-ui "^4.1.14"

xe-utils@^3.5.30:
  version "3.5.30"
  resolved "https://registry.npmmirror.com/xe-utils/-/xe-utils-3.5.30.tgz"
  integrity sha512-5Ez6JUANpMakduiTLxrNObzqMebnM4697KvHW5okedkUjXvYgGvkbg0tABTkvwDW/Pb09v7vT68dzBOeAuOu0g==

zrender@5.6.0:
  version "5.6.0"
  resolved "https://registry.npmmirror.com/zrender/-/zrender-5.6.0.tgz#01325b0bb38332dd5e87a8dbee7336cafc0f4a5b"
  integrity sha512-uzgraf4njmmHAbEUxMJ8Oxg+P3fT04O+9p7gY+wJRVxo8Ge+KmYv0WJev945EH4wFuc4OY2NLXz46FZrWS9xJg==
  dependencies:
    tslib "2.3.0"
